
Microsoft Visual Studio Solution File, Format Version 12.00
# Visual Studio 15
VisualStudioVersion = 15.0.27004.2002
MinimumVisualStudioVersion = 10.0.40219.1
Project("{FAE04EC0-301F-11D3-BF4B-00C04F79EFBC}") = "Chapter2 Program5", "Chapter2 Program5\Chapter2 Program5.csproj", "{F1564C48-6A7B-4459-AF24-0336E048D0B1}"
EndProject
Global
	GlobalSection(SolutionConfigurationPlatforms) = preSolution
		Debug|Any CPU = Debug|Any CPU
		Release|Any CPU = Release|Any CPU
	EndGlobalSection
	GlobalSection(ProjectConfigurationPlatforms) = postSolution
		{F1564C48-6A7B-4459-AF24-0336E048D0B1}.Debug|Any CPU.ActiveCfg = Debug|Any CPU
		{F1564C48-6A7B-4459-AF24-0336E048D0B1}.Debug|Any CPU.Build.0 = Debug|Any CPU
		{F1564C48-6A7B-4459-AF24-0336E048D0B1}.Release|Any CPU.ActiveCfg = Release|Any CPU
		{F1564C48-6A7B-4459-AF24-0336E048D0B1}.Release|Any CPU.Build.0 = Release|Any CPU
	EndGlobalSection
	GlobalSection(SolutionProperties) = preSolution
		HideSolutionNode = FALSE
	EndGlobalSection
	GlobalSection(ExtensibilityGlobals) = postSolution
		SolutionGuid = {8F610AC0-3553-403B-8CE8-E2A0376B5902}
	EndGlobalSection
EndGlobal
