
Microsoft Visual Studio Solution File, Format Version 12.00
# Visual Studio 15
VisualStudioVersion = 15.0.27004.2002
MinimumVisualStudioVersion = 10.0.40219.1
Project("{FAE04EC0-301F-11D3-BF4B-00C04F79EFBC}") = "Party Planner", "Party Planner\Party Planner.csproj", "{3509F620-A5E0-4C1A-8A22-DEC2189B46DB}"
EndProject
Global
	GlobalSection(SolutionConfigurationPlatforms) = preSolution
		Debug|Any CPU = Debug|Any CPU
		Release|Any CPU = Release|Any CPU
	EndGlobalSection
	GlobalSection(ProjectConfigurationPlatforms) = postSolution
		{3509F620-A5E0-4C1A-8A22-DEC2189B46DB}.Debug|Any CPU.ActiveCfg = Debug|Any CPU
		{3509F620-A5E0-4C1A-8A22-DEC2189B46DB}.Debug|Any CPU.Build.0 = Debug|Any CPU
		{3509F620-A5E0-4C1A-8A22-DEC2189B46DB}.Release|Any CPU.ActiveCfg = Release|Any CPU
		{3509F620-A5E0-4C1A-8A22-DEC2189B46DB}.Release|Any CPU.Build.0 = Release|Any CPU
	EndGlobalSection
	GlobalSection(SolutionProperties) = preSolution
		HideSolutionNode = FALSE
	EndGlobalSection
	GlobalSection(ExtensibilityGlobals) = postSolution
		SolutionGuid = {C1AAE839-3D5E-4533-B90A-73C6AD74C3A1}
	EndGlobalSection
EndGlobal
