
Microsoft Visual Studio Solution File, Format Version 12.00
# Visual Studio 15
VisualStudioVersion = 15.0.27004.2002
MinimumVisualStudioVersion = 10.0.40219.1
Project("{FAE04EC0-301F-11D3-BF4B-00C04F79EFBC}") = "Chapter4 - Calculator", "Chapter4 - Calculator\Chapter4 - Calculator.csproj", "{3ABC1FCE-57F9-4D0A-BD72-658992B907A3}"
EndProject
Global
	GlobalSection(SolutionConfigurationPlatforms) = preSolution
		Debug|Any CPU = Debug|Any CPU
		Release|Any CPU = Release|Any CPU
	EndGlobalSection
	GlobalSection(ProjectConfigurationPlatforms) = postSolution
		{3ABC1FCE-57F9-4D0A-BD72-658992B907A3}.Debug|Any CPU.ActiveCfg = Debug|Any CPU
		{3ABC1FCE-57F9-4D0A-BD72-658992B907A3}.Debug|Any CPU.Build.0 = Debug|Any CPU
		{3ABC1FCE-57F9-4D0A-BD72-658992B907A3}.Release|Any CPU.ActiveCfg = Release|Any CPU
		{3ABC1FCE-57F9-4D0A-BD72-658992B907A3}.Release|Any CPU.Build.0 = Release|Any CPU
	EndGlobalSection
	GlobalSection(SolutionProperties) = preSolution
		HideSolutionNode = FALSE
	EndGlobalSection
	GlobalSection(ExtensibilityGlobals) = postSolution
		SolutionGuid = {C8DC87A0-D4CC-4E73-BA8D-964FEC282A76}
	EndGlobalSection
EndGlobal
