
Microsoft Visual Studio Solution File, Format Version 12.00
# Visual Studio 15
VisualStudioVersion = 15.0.27004.2002
MinimumVisualStudioVersion = 10.0.40219.1
Project("{FAE04EC0-301F-11D3-BF4B-00C04F79EFBC}") = "Chapter3 - Program1", "Chapter3 - Program1\Chapter3 - Program1.csproj", "{92AEA0D5-CE66-4735-8AEF-114B32CB07A6}"
EndProject
Global
	GlobalSection(SolutionConfigurationPlatforms) = preSolution
		Debug|Any CPU = Debug|Any CPU
		Release|Any CPU = Release|Any CPU
	EndGlobalSection
	GlobalSection(ProjectConfigurationPlatforms) = postSolution
		{92AEA0D5-CE66-4735-8AEF-114B32CB07A6}.Debug|Any CPU.ActiveCfg = Debug|Any CPU
		{92AEA0D5-CE66-4735-8AEF-114B32CB07A6}.Debug|Any CPU.Build.0 = Debug|Any CPU
		{92AEA0D5-CE66-4735-8AEF-114B32CB07A6}.Release|Any CPU.ActiveCfg = Release|Any CPU
		{92AEA0D5-CE66-4735-8AEF-114B32CB07A6}.Release|Any CPU.Build.0 = Release|Any CPU
	EndGlobalSection
	GlobalSection(SolutionProperties) = preSolution
		HideSolutionNode = FALSE
	EndGlobalSection
	GlobalSection(ExtensibilityGlobals) = postSolution
		SolutionGuid = {A2796652-D38A-4101-BD62-D5E837C6645B}
	EndGlobalSection
EndGlobal
